
Microsoft Visual Studio Solution File, Format Version 12.00
# Visual Studio Version 16
VisualStudioVersion = 16.0.31019.35
MinimumVisualStudioVersion = 10.0.40219.1
Project("{FAE04EC0-301F-11D3-BF4B-00C04F79EFBC}") = "HospitalDatabase", "HospitalDatabase\HospitalDatabase.csproj", "{CE71F748-0167-40F2-B5C4-1A8A54AE5AD7}"
EndProject
Global
	GlobalSection(SolutionConfigurationPlatforms) = preSolution
		Debug|Any CPU = Debug|Any CPU
		Release|Any CPU = Release|Any CPU
	EndGlobalSection
	GlobalSection(ProjectConfigurationPlatforms) = postSolution
		{CE71F748-0167-40F2-B5C4-1A8A54AE5AD7}.Debug|Any CPU.ActiveCfg = Debug|Any CPU
		{CE71F748-0167-40F2-B5C4-1A8A54AE5AD7}.Debug|Any CPU.Build.0 = Debug|Any CPU
		{CE71F748-0167-40F2-B5C4-1A8A54AE5AD7}.Release|Any CPU.ActiveCfg = Release|Any CPU
		{CE71F748-0167-40F2-B5C4-1A8A54AE5AD7}.Release|Any CPU.Build.0 = Release|Any CPU
	EndGlobalSection
	GlobalSection(SolutionProperties) = preSolution
		HideSolutionNode = FALSE
	EndGlobalSection
	GlobalSection(ExtensibilityGlobals) = postSolution
		SolutionGuid = {0D67DAD9-7E95-4B46-B6A0-7D981D141FD1}
	EndGlobalSection
EndGlobal
